
Microsoft Visual Studio Solution File, Format Version 12.00
# Visual Studio Version 16
VisualStudioVersion = 16.0.31105.61
MinimumVisualStudioVersion = 10.0.40219.1
Project("{FAE04EC0-301F-11D3-BF4B-00C04F79EFBC}") = "PrviDomaciMTPP", "PrviDomaciMTPP\PrviDomaciMTPP.csproj", "{528BAB6E-B4C5-45EC-9713-6CE700A4BFF3}"
EndProject
Global
	GlobalSection(SolutionConfigurationPlatforms) = preSolution
		Debug|Any CPU = Debug|Any CPU
		Release|Any CPU = Release|Any CPU
	EndGlobalSection
	GlobalSection(ProjectConfigurationPlatforms) = postSolution
		{528BAB6E-B4C5-45EC-9713-6CE700A4BFF3}.Debug|Any CPU.ActiveCfg = Debug|Any CPU
		{528BAB6E-B4C5-45EC-9713-6CE700A4BFF3}.Debug|Any CPU.Build.0 = Debug|Any CPU
		{528BAB6E-B4C5-45EC-9713-6CE700A4BFF3}.Release|Any CPU.ActiveCfg = Release|Any CPU
		{528BAB6E-B4C5-45EC-9713-6CE700A4BFF3}.Release|Any CPU.Build.0 = Release|Any CPU
	EndGlobalSection
	GlobalSection(SolutionProperties) = preSolution
		HideSolutionNode = FALSE
	EndGlobalSection
	GlobalSection(ExtensibilityGlobals) = postSolution
		SolutionGuid = {D24FA0A6-E3CD-456A-AF2F-F25EE8206B2B}
	EndGlobalSection
EndGlobal
